
Microsoft Visual Studio Solution File, Format Version 12.00
# Visual Studio Version 16
VisualStudioVersion = 16.0.30611.23
MinimumVisualStudioVersion = 10.0.40219.1
Project("{FAE04EC0-301F-11D3-BF4B-00C04F79EFBC}") = "AppNettoyagePC", "AppNettoyagePC\AppNettoyagePC.csproj", "{590942A8-594C-4787-8032-A1D12019594A}"
EndProject
Global
	GlobalSection(SolutionConfigurationPlatforms) = preSolution
		Debug|Any CPU = Debug|Any CPU
		Release|Any CPU = Release|Any CPU
	EndGlobalSection
	GlobalSection(ProjectConfigurationPlatforms) = postSolution
		{590942A8-594C-4787-8032-A1D12019594A}.Debug|Any CPU.ActiveCfg = Debug|Any CPU
		{590942A8-594C-4787-8032-A1D12019594A}.Debug|Any CPU.Build.0 = Debug|Any CPU
		{590942A8-594C-4787-8032-A1D12019594A}.Release|Any CPU.ActiveCfg = Release|Any CPU
		{590942A8-594C-4787-8032-A1D12019594A}.Release|Any CPU.Build.0 = Release|Any CPU
	EndGlobalSection
	GlobalSection(SolutionProperties) = preSolution
		HideSolutionNode = FALSE
	EndGlobalSection
	GlobalSection(ExtensibilityGlobals) = postSolution
		SolutionGuid = {7FA1F3FB-540A-4511-93EB-08D178F1477D}
	EndGlobalSection
EndGlobal
